PODS:
  - ChameleonFramework/Default (2.1.0)
  - ChameleonFramework/Swift (2.1.0):
    - ChameleonFramework/Default
  - Material (2.4.19):
    - Material/Core (= 2.4.19)
  - Material/Core (2.4.19)
  - SCLAlertView (0.7.0)
  - SnapKit (3.2.0)

DEPENDENCIES:
  - ChameleonFramework/Swift (from `https://github.com/ViccAlexander/Chameleon.git`)
  - Material (~> 2.0)
  - SCLAlertView
  - SnapKit (~> 3.2.0)

EXTERNAL SOURCES:
  ChameleonFramework:
    :git: https://github.com/ViccAlexander/Chameleon.git

CHECKOUT OPTIONS:
  ChameleonFramework:
    :commit: dcf98f9bf3a632a7f40679b7da46f09681e48526
    :git: https://github.com/ViccAlexander/Chameleon.git

SPEC CHECKSUMS:
  ChameleonFramework: d21a3cc247abfe5e37609a283a8238b03575cf64
  Material: 67b52869f68ab95757e14801ffba0a52a4f19c31
  SCLAlertView: 8a14ffc40590c619e183eed2298b854385f30be1
  SnapKit: 1ca44df72cfa543218d177cb8aab029d10d86ea7

PODFILE CHECKSUM: 7142894ced1339c9573d0b9f098dac23f0d8eb5b

COCOAPODS: 1.2.0
