// !$*UTF8*$!
{
	archiveVersion = 1;
	classes = {
	};
	objectVersion = 46;
	objects = {

/* Begin PBXBuildFile section */
		3D9B0DF024EB4C5744A65127 /* Pods_spatial.framework in Frameworks */ = {isa = PBXBuildFile; fileRef = C5AEF29F84D220E0012E65E0 /* Pods_spatial.framework */; };
		BF041AEC1E5F8E58006859C9 /* QuestionAndButtonsView.swift in Sources */ = {isa = PBXBuildFile; fileRef = BF041AEB1E5F8E58006859C9 /* QuestionAndButtonsView.swift */; };
		BF041AEE1E5F8F33006859C9 /* Constants.swift in Sources */ = {isa = PBXBuildFile; fileRef = BF041AED1E5F8F33006859C9 /* Constants.swift */; };
		BF041AF01E5F949C006859C9 /* Extentions.swift in Sources */ = {isa = PBXBuildFile; fileRef = BF041AEF1E5F949C006859C9 /* Extentions.swift */; };
		BF42E1AB1E689F2700A4BB97 /* SpatialBaseController.swift in Sources */ = {isa = PBXBuildFile; fileRef = BF42E1AA1E689F2700A4BB97 /* SpatialBaseController.swift */; };
		BF5483D71E600367001348C9 /* Contents.json in Resources */ = {isa = PBXBuildFile; fileRef = BF5483BF1E600367001348C9 /* Contents.json */; };
		BF5483D81E600367001348C9 /* icon-20-ipad.png in Resources */ = {isa = PBXBuildFile; fileRef = BF5483C01E600367001348C9 /* icon-20-ipad.png */; };
		BF5483D91E600367001348C9 /* icon-20@2x-ipad.png in Resources */ = {isa = PBXBuildFile; fileRef = BF5483C11E600367001348C9 /* icon-20@2x-ipad.png */; };
		BF5483DA1E600367001348C9 /* icon-20@2x.png in Resources */ = {isa = PBXBuildFile; fileRef = BF5483C21E600367001348C9 /* icon-20@2x.png */; };
		BF5483DB1E600367001348C9 /* icon-20@3x.png in Resources */ = {isa = PBXBuildFile; fileRef = BF5483C31E600367001348C9 /* icon-20@3x.png */; };
		BF5483DC1E600367001348C9 /* icon-29-ipad.png in Resources */ = {isa = PBXBuildFile; fileRef = BF5483C41E600367001348C9 /* icon-29-ipad.png */; };
		BF5483DD1E600367001348C9 /* icon-29.png in Resources */ = {isa = PBXBuildFile; fileRef = BF5483C51E600367001348C9 /* icon-29.png */; };
		BF5483DE1E600367001348C9 /* icon-29@2x-ipad.png in Resources */ = {isa = PBXBuildFile; fileRef = BF5483C61E600367001348C9 /* icon-29@2x-ipad.png */; };
		BF5483DF1E600367001348C9 /* icon-29@2x.png in Resources */ = {isa = PBXBuildFile; fileRef = BF5483C71E600367001348C9 /* icon-29@2x.png */; };
		BF5483E01E600367001348C9 /* icon-29@3x.png in Resources */ = {isa = PBXBuildFile; fileRef = BF5483C81E600367001348C9 /* icon-29@3x.png */; };
		BF5483E11E600367001348C9 /* icon-40.png in Resources */ = {isa = PBXBuildFile; fileRef = BF5483C91E600367001348C9 /* icon-40.png */; };
		BF5483E21E600367001348C9 /* icon-40@2x.png in Resources */ = {isa = PBXBuildFile; fileRef = BF5483CA1E600367001348C9 /* icon-40@2x.png */; };
		BF5483E31E600367001348C9 /* icon-40@3x.png in Resources */ = {isa = PBXBuildFile; fileRef = BF5483CB1E600367001348C9 /* icon-40@3x.png */; };
		BF5483E41E600367001348C9 /* icon-50.png in Resources */ = {isa = PBXBuildFile; fileRef = BF5483CC1E600367001348C9 /* icon-50.png */; };
		BF5483E51E600367001348C9 /* icon-50@2x.png in Resources */ = {isa = PBXBuildFile; fileRef = BF5483CD1E600367001348C9 /* icon-50@2x.png */; };
		BF5483E61E600367001348C9 /* icon-57.png in Resources */ = {isa = PBXBuildFile; fileRef = BF5483CE1E600367001348C9 /* icon-57.png */; };
		BF5483E71E600367001348C9 /* icon-57@2x.png in Resources */ = {isa = PBXBuildFile; fileRef = BF5483CF1E600367001348C9 /* icon-57@2x.png */; };
		BF5483E81E600367001348C9 /* icon-60@2x.png in Resources */ = {isa = PBXBuildFile; fileRef = BF5483D01E600367001348C9 /* icon-60@2x.png */; };
		BF5483E91E600367001348C9 /* icon-60@3x.png in Resources */ = {isa = PBXBuildFile; fileRef = BF5483D11E600367001348C9 /* icon-60@3x.png */; };
		BF5483EA1E600367001348C9 /* icon-72.png in Resources */ = {isa = PBXBuildFile; fileRef = BF5483D21E600367001348C9 /* icon-72.png */; };
		BF5483EB1E600367001348C9 /* icon-72@2x.png in Resources */ = {isa = PBXBuildFile; fileRef = BF5483D31E600367001348C9 /* icon-72@2x.png */; };
		BF5483EC1E600367001348C9 /* icon-76.png in Resources */ = {isa = PBXBuildFile; fileRef = BF5483D41E600367001348C9 /* icon-76.png */; };
		BF5483ED1E600367001348C9 /* icon-76@2x.png in Resources */ = {isa = PBXBuildFile; fileRef = BF5483D51E600367001348C9 /* icon-76@2x.png */; };
		BF5483EE1E600367001348C9 /* icon-83.5@2x.png in Resources */ = {isa = PBXBuildFile; fileRef = BF5483D61E600367001348C9 /* icon-83.5@2x.png */; };
		BFA119371E5E1C2000D03CF2 /* AppDelegate.swift in Sources */ = {isa = PBXBuildFile; fileRef = BFA119361E5E1C2000D03CF2 /* AppDelegate.swift */; };
		BFA119391E5E1C2000D03CF2 /* art.scnassets in Resources */ = {isa = PBXBuildFile; fileRef = BFA119381E5E1C2000D03CF2 /* art.scnassets */; };
		BFA1193B1E5E1C2000D03CF2 /* GameViewController.swift in Sources */ = {isa = PBXBuildFile; fileRef = BFA1193A1E5E1C2000D03CF2 /* GameViewController.swift */; };
		BFA1193E1E5E1C2000D03CF2 /* Main.storyboard in Resources */ = {isa = PBXBuildFile; fileRef = BFA1193C1E5E1C2000D03CF2 /* Main.storyboard */; };
		BFA119401E5E1C2000D03CF2 /* Assets.xcassets in Resources */ = {isa = PBXBuildFile; fileRef = BFA1193F1E5E1C2000D03CF2 /* Assets.xcassets */; };
		BFA119431E5E1C2000D03CF2 /* LaunchScreen.storyboard in Resources */ = {isa = PBXBuildFile; fileRef = BFA119411E5E1C2000D03CF2 /* LaunchScreen.storyboard */; };
		BFA1194B1E5E3FAA00D03CF2 /* DiceView.swift in Sources */ = {isa = PBXBuildFile; fileRef = BFA1194A1E5E3FAA00D03CF2 /* DiceView.swift */; };
		BFB482CC1E67B3B9002720F2 /* SnakeCubeController.swift in Sources */ = {isa = PBXBuildFile; fileRef = BFB482CB1E67B3B9002720F2 /* SnakeCubeController.swift */; };
		BFF7356E1E63645A00DFE7D9 /* InfoPlist.strings in Resources */ = {isa = PBXBuildFile; fileRef = BFF735701E63645A00DFE7D9 /* InfoPlist.strings */; };
		BFF735741E6365D400DFE7D9 /* Localizable.strings in Resources */ = {isa = PBXBuildFile; fileRef = BFF735761E6365D400DFE7D9 /* Localizable.strings */; };
		BFF7357A1E639B4500DFE7D9 /* MainController.swift in Sources */ = {isa = PBXBuildFile; fileRef = BFF735791E639B4500DFE7D9 /* MainController.swift */; };
/* End PBXBuildFile section */

/* Begin PBXFileReference section */
		B1A4DB7239AE68BF322C169D /* Pods-spatial.debug.xcconfig */ = {isa = PBXFileReference; includeInIndex = 1; lastKnownFileType = text.xcconfig; name = "Pods-spatial.debug.xcconfig"; path = "Pods/Target Support Files/Pods-spatial/Pods-spatial.debug.xcconfig"; sourceTree = "<group>"; };
		BF041AEB1E5F8E58006859C9 /* QuestionAndButtonsView.swift */ = {isa = PBXFileReference; fileEncoding = 4; lastKnownFileType = sourcecode.swift; path = QuestionAndButtonsView.swift; sourceTree = "<group>"; };
		BF041AED1E5F8F33006859C9 /* Constants.swift */ = {isa = PBXFileReference; fileEncoding = 4; lastKnownFileType = sourcecode.swift; path = Constants.swift; sourceTree = "<group>"; };
		BF041AEF1E5F949C006859C9 /* Extentions.swift */ = {isa = PBXFileReference; fileEncoding = 4; lastKnownFileType = sourcecode.swift; path = Extentions.swift; sourceTree = "<group>"; };
		BF42E1AA1E689F2700A4BB97 /* SpatialBaseController.swift */ = {isa = PBXFileReference; fileEncoding = 4; lastKnownFileType = sourcecode.swift; path = SpatialBaseController.swift; sourceTree = "<group>"; };
		BF5483BF1E600367001348C9 /* Contents.json */ = {isa = PBXFileReference; fileEncoding = 4; lastKnownFileType = text.json; path = Contents.json; sourceTree = "<group>"; };
		BF5483C01E600367001348C9 /* icon-20-ipad.png */ = {isa = PBXFileReference; lastKnownFileType = image.png; path = "icon-20-ipad.png"; sourceTree = "<group>"; };
		BF5483C11E600367001348C9 /* icon-20@2x-ipad.png */ = {isa = PBXFileReference; lastKnownFileType = image.png; path = "icon-20@2x-ipad.png"; sourceTree = "<group>"; };
		BF5483C21E600367001348C9 /* icon-20@2x.png */ = {isa = PBXFileReference; lastKnownFileType = image.png; path = "icon-20@2x.png"; sourceTree = "<group>"; };
		BF5483C31E600367001348C9 /* icon-20@3x.png */ = {isa = PBXFileReference; lastKnownFileType = image.png; path = "icon-20@3x.png"; sourceTree = "<group>"; };
		BF5483C41E600367001348C9 /* icon-29-ipad.png */ = {isa = PBXFileReference; lastKnownFileType = image.png; path = "icon-29-ipad.png"; sourceTree = "<group>"; };
		BF5483C51E600367001348C9 /* icon-29.png */ = {isa = PBXFileReference; lastKnownFileType = image.png; path = "icon-29.png"; sourceTree = "<group>"; };
		BF5483C61E600367001348C9 /* icon-29@2x-ipad.png */ = {isa = PBXFileReference; lastKnownFileType = image.png; path = "icon-29@2x-ipad.png"; sourceTree = "<group>"; };
		BF5483C71E600367001348C9 /* icon-29@2x.png */ = {isa = PBXFileReference; lastKnownFileType = image.png; path = "icon-29@2x.png"; sourceTree = "<group>"; };
		BF5483C81E600367001348C9 /* icon-29@3x.png */ = {isa = PBXFileReference; lastKnownFileType = image.png; path = "icon-29@3x.png"; sourceTree = "<group>"; };
		BF5483C91E600367001348C9 /* icon-40.png */ = {isa = PBXFileReference; lastKnownFileType = image.png; path = "icon-40.png"; sourceTree = "<group>"; };
		BF5483CA1E600367001348C9 /* icon-40@2x.png */ = {isa = PBXFileReference; lastKnownFileType = image.png; path = "icon-40@2x.png"; sourceTree = "<group>"; };
		BF5483CB1E600367001348C9 /* icon-40@3x.png */ = {isa = PBXFileReference; lastKnownFileType = image.png; path = "icon-40@3x.png"; sourceTree = "<group>"; };
		BF5483CC1E600367001348C9 /* icon-50.png */ = {isa = PBXFileReference; lastKnownFileType = image.png; path = "icon-50.png"; sourceTree = "<group>"; };
		BF5483CD1E600367001348C9 /* icon-50@2x.png */ = {isa = PBXFileReference; lastKnownFileType = image.png; path = "icon-50@2x.png"; sourceTree = "<group>"; };
		BF5483CE1E600367001348C9 /* icon-57.png */ = {isa = PBXFileReference; lastKnownFileType = image.png; path = "icon-57.png"; sourceTree = "<group>"; };
		BF5483CF1E600367001348C9 /* icon-57@2x.png */ = {isa = PBXFileReference; lastKnownFileType = image.png; path = "icon-57@2x.png"; sourceTree = "<group>"; };
		BF5483D01E600367001348C9 /* icon-60@2x.png */ = {isa = PBXFileReference; lastKnownFileType = image.png; path = "icon-60@2x.png"; sourceTree = "<group>"; };
		BF5483D11E600367001348C9 /* icon-60@3x.png */ = {isa = PBXFileReference; lastKnownFileType = image.png; path = "icon-60@3x.png"; sourceTree = "<group>"; };
		BF5483D21E600367001348C9 /* icon-72.png */ = {isa = PBXFileReference; lastKnownFileType = image.png; path = "icon-72.png"; sourceTree = "<group>"; };
		BF5483D31E600367001348C9 /* icon-72@2x.png */ = {isa = PBXFileReference; lastKnownFileType = image.png; path = "icon-72@2x.png"; sourceTree = "<group>"; };
		BF5483D41E600367001348C9 /* icon-76.png */ = {isa = PBXFileReference; lastKnownFileType = image.png; path = "icon-76.png"; sourceTree = "<group>"; };
		BF5483D51E600367001348C9 /* icon-76@2x.png */ = {isa = PBXFileReference; lastKnownFileType = image.png; path = "icon-76@2x.png"; sourceTree = "<group>"; };
		BF5483D61E600367001348C9 /* icon-83.5@2x.png */ = {isa = PBXFileReference; lastKnownFileType = image.png; path = "icon-83.5@2x.png"; sourceTree = "<group>"; };
		BFA119331E5E1C2000D03CF2 /* spatial.app */ = {isa = PBXFileReference; explicitFileType = wrapper.application; includeInIndex = 0; path = spatial.app; sourceTree = BUILT_PRODUCTS_DIR; };
		BFA119361E5E1C2000D03CF2 /* AppDelegate.swift */ = {isa = PBXFileReference; lastKnownFileType = sourcecode.swift; path = AppDelegate.swift; sourceTree = "<group>"; };
		BFA119381E5E1C2000D03CF2 /* art.scnassets */ = {isa = PBXFileReference; lastKnownFileType = wrapper.scnassets; path = art.scnassets; sourceTree = "<group>"; };
		BFA1193A1E5E1C2000D03CF2 /* GameViewController.swift */ = {isa = PBXFileReference; lastKnownFileType = sourcecode.swift; path = GameViewController.swift; sourceTree = "<group>"; };
		BFA1193D1E5E1C2000D03CF2 /* Base */ = {isa = PBXFileReference; lastKnownFileType = file.storyboard; name = Base; path = Base.lproj/Main.storyboard; sourceTree = "<group>"; };
		BFA1193F1E5E1C2000D03CF2 /* Assets.xcassets */ = {isa = PBXFileReference; lastKnownFileType = folder.assetcatalog; path = Assets.xcassets; sourceTree = "<group>"; };
		BFA119421E5E1C2000D03CF2 /* Base */ = {isa = PBXFileReference; lastKnownFileType = file.storyboard; name = Base; path = Base.lproj/LaunchScreen.storyboard; sourceTree = "<group>"; };
		BFA119441E5E1C2000D03CF2 /* Info.plist */ = {isa = PBXFileReference; lastKnownFileType = text.plist.xml; path = Info.plist; sourceTree = "<group>"; };
		BFA1194A1E5E3FAA00D03CF2 /* DiceView.swift */ = {isa = PBXFileReference; fileEncoding = 4; lastKnownFileType = sourcecode.swift; path = DiceView.swift; sourceTree = "<group>"; };
		BFB482CB1E67B3B9002720F2 /* SnakeCubeController.swift */ = {isa = PBXFileReference; fileEncoding = 4; lastKnownFileType = sourcecode.swift; path = SnakeCubeController.swift; sourceTree = "<group>"; };
		BFF7356A1E63630900DFE7D9 /* zh-Hans */ = {isa = PBXFileReference; lastKnownFileType = text.plist.strings; name = "zh-Hans"; path = "zh-Hans.lproj/Main.strings"; sourceTree = "<group>"; };
		BFF7356B1E63630900DFE7D9 /* zh-Hans */ = {isa = PBXFileReference; lastKnownFileType = text.plist.strings; name = "zh-Hans"; path = "zh-Hans.lproj/LaunchScreen.strings"; sourceTree = "<group>"; };
		BFF7356F1E63645A00DFE7D9 /* zh-Hans */ = {isa = PBXFileReference; lastKnownFileType = text.plist.strings; name = "zh-Hans"; path = "zh-Hans.lproj/InfoPlist.strings"; sourceTree = "<group>"; };
		BFF735711E6364AF00DFE7D9 /* en */ = {isa = PBXFileReference; lastKnownFileType = text.plist.strings; name = en; path = en.lproj/InfoPlist.strings; sourceTree = "<group>"; };
		BFF735751E6365D400DFE7D9 /* zh-Hans */ = {isa = PBXFileReference; lastKnownFileType = text.plist.strings; name = "zh-Hans"; path = "zh-Hans.lproj/Localizable.strings"; sourceTree = "<group>"; };
		BFF735771E6365DC00DFE7D9 /* en */ = {isa = PBXFileReference; lastKnownFileType = text.plist.strings; name = en; path = en.lproj/Localizable.strings; sourceTree = "<group>"; };
		BFF735781E6365DF00DFE7D9 /* Base */ = {isa = PBXFileReference; lastKnownFileType = text.plist.strings; name = Base; path = Base.lproj/Localizable.strings; sourceTree = "<group>"; };
		BFF735791E639B4500DFE7D9 /* MainController.swift */ = {isa = PBXFileReference; fileEncoding = 4; lastKnownFileType = sourcecode.swift; path = MainController.swift; sourceTree = "<group>"; };
		C5AEF29F84D220E0012E65E0 /* Pods_spatial.framework */ = {isa = PBXFileReference; explicitFileType = wrapper.framework; includeInIndex = 0; path = Pods_spatial.framework; sourceTree = BUILT_PRODUCTS_DIR; };
		EB4878770A56683CAF79E6E9 /* Pods-spatial.release.xcconfig */ = {isa = PBXFileReference; includeInIndex = 1; lastKnownFileType = text.xcconfig; name = "Pods-spatial.release.xcconfig"; path = "Pods/Target Support Files/Pods-spatial/Pods-spatial.release.xcconfig"; sourceTree = "<group>"; };
/* End PBXFileReference section */

/* Begin PBXFrameworksBuildPhase section */
		BFA119301E5E1C2000D03CF2 /* Frameworks */ = {
			isa = PBXFrameworksBuildPhase;
			buildActionMask = 2147483647;
			files = (
				3D9B0DF024EB4C5744A65127 /* Pods_spatial.framework in Frameworks */,
			);
			runOnlyForDeploymentPostprocessing = 0;
		};
/* End PBXFrameworksBuildPhase section */

/* Begin PBXGroup section */
		5DA1D4ADDAB0C0449676E949 /* Frameworks */ = {
			isa = PBXGroup;
			children = (
				C5AEF29F84D220E0012E65E0 /* Pods_spatial.framework */,
			);
			name = Frameworks;
			sourceTree = "<group>";
		};
		B9E9B1B281FBBABC0752E2CF /* Pods */ = {
			isa = PBXGroup;
			children = (
				B1A4DB7239AE68BF322C169D /* Pods-spatial.debug.xcconfig */,
				EB4878770A56683CAF79E6E9 /* Pods-spatial.release.xcconfig */,
			);
			name = Pods;
			sourceTree = "<group>";
		};
		BF5483BE1E600367001348C9 /* AppIcon.appiconset */ = {
			isa = PBXGroup;
			children = (
				BF5483BF1E600367001348C9 /* Contents.json */,
				BF5483C01E600367001348C9 /* icon-20-ipad.png */,
				BF5483C11E600367001348C9 /* icon-20@2x-ipad.png */,
				BF5483C21E600367001348C9 /* icon-20@2x.png */,
				BF5483C31E600367001348C9 /* icon-20@3x.png */,
				BF5483C41E600367001348C9 /* icon-29-ipad.png */,
				BF5483C51E600367001348C9 /* icon-29.png */,
				BF5483C61E600367001348C9 /* icon-29@2x-ipad.png */,
				BF5483C71E600367001348C9 /* icon-29@2x.png */,
				BF5483C81E600367001348C9 /* icon-29@3x.png */,
				BF5483C91E600367001348C9 /* icon-40.png */,
				BF5483CA1E600367001348C9 /* icon-40@2x.png */,
				BF5483CB1E600367001348C9 /* icon-40@3x.png */,
				BF5483CC1E600367001348C9 /* icon-50.png */,
				BF5483CD1E600367001348C9 /* icon-50@2x.png */,
				BF5483CE1E600367001348C9 /* icon-57.png */,
				BF5483CF1E600367001348C9 /* icon-57@2x.png */,
				BF5483D01E600367001348C9 /* icon-60@2x.png */,
				BF5483D11E600367001348C9 /* icon-60@3x.png */,
				BF5483D21E600367001348C9 /* icon-72.png */,
				BF5483D31E600367001348C9 /* icon-72@2x.png */,
				BF5483D41E600367001348C9 /* icon-76.png */,
				BF5483D51E600367001348C9 /* icon-76@2x.png */,
				BF5483D61E600367001348C9 /* icon-83.5@2x.png */,
			);
			path = AppIcon.appiconset;
			sourceTree = "<group>";
		};
		BFA1192A1E5E1C2000D03CF2 = {
			isa = PBXGroup;
			children = (
				BFA119351E5E1C2000D03CF2 /* spatial */,
				BFA119341E5E1C2000D03CF2 /* Products */,
				B9E9B1B281FBBABC0752E2CF /* Pods */,
				5DA1D4ADDAB0C0449676E949 /* Frameworks */,
			);
			sourceTree = "<group>";
		};
		BFA119341E5E1C2000D03CF2 /* Products */ = {
			isa = PBXGroup;
			children = (
				BFA119331E5E1C2000D03CF2 /* spatial.app */,
			);
			name = Products;
			sourceTree = "<group>";
		};
		BFA119351E5E1C2000D03CF2 /* spatial */ = {
			isa = PBXGroup;
			children = (
				BFA119361E5E1C2000D03CF2 /* AppDelegate.swift */,
				BFA119381E5E1C2000D03CF2 /* art.scnassets */,
				BFA1193C1E5E1C2000D03CF2 /* Main.storyboard */,
				BFA1193F1E5E1C2000D03CF2 /* Assets.xcassets */,
				BF5483BE1E600367001348C9 /* AppIcon.appiconset */,
				BFA119411E5E1C2000D03CF2 /* LaunchScreen.storyboard */,
				BFA119441E5E1C2000D03CF2 /* Info.plist */,
				BFF735761E6365D400DFE7D9 /* Localizable.strings */,
				BFF735701E63645A00DFE7D9 /* InfoPlist.strings */,
				BFA1193A1E5E1C2000D03CF2 /* GameViewController.swift */,
				BFA1194A1E5E3FAA00D03CF2 /* DiceView.swift */,
				BF041AEB1E5F8E58006859C9 /* QuestionAndButtonsView.swift */,
				BF041AED1E5F8F33006859C9 /* Constants.swift */,
				BF041AEF1E5F949C006859C9 /* Extentions.swift */,
				BFF735791E639B4500DFE7D9 /* MainController.swift */,
				BFB482CB1E67B3B9002720F2 /* SnakeCubeController.swift */,
				BF42E1AA1E689F2700A4BB97 /* SpatialBaseController.swift */,
			);
			path = spatial;
			sourceTree = "<group>";
		};
/* End PBXGroup section */

/* Begin PBXNativeTarget section */
		BFA119321E5E1C2000D03CF2 /* spatial */ = {
			isa = PBXNativeTarget;
			buildConfigurationList = BFA119471E5E1C2000D03CF2 /* Build configuration list for PBXNativeTarget "spatial" */;
			buildPhases = (
				BE5205E594EBD779C1FACA91 /* [CP] Check Pods Manifest.lock */,
				BFA1192F1E5E1C2000D03CF2 /* Sources */,
				BFA119301E5E1C2000D03CF2 /* Frameworks */,
				BFA119311E5E1C2000D03CF2 /* Resources */,
				595C9792A216C2EA513D00B0 /* [CP] Embed Pods Frameworks */,
				D27D51E04AFD7943FE74A9EC /* [CP] Copy Pods Resources */,
			);
			buildRules = (
			);
			dependencies = (
			);
			name = spatial;
			productName = spatial;
			productReference = BFA119331E5E1C2000D03CF2 /* spatial.app */;
			productType = "com.apple.product-type.application";
		};
/* End PBXNativeTarget section */

/* Begin PBXProject section */
		BFA1192B1E5E1C2000D03CF2 /* Project object */ = {
			isa = PBXProject;
			attributes = {
				KnownAssetTags = (
					New,
				);
				LastSwiftUpdateCheck = 0820;
				LastUpgradeCheck = 0820;
				ORGANIZATIONNAME = zackzhu;
				TargetAttributes = {
					BFA119321E5E1C2000D03CF2 = {
						CreatedOnToolsVersion = 8.2.1;
						DevelopmentTeam = HZ32KGWJ68;
						ProvisioningStyle = Automatic;
					};
				};
			};
			buildConfigurationList = BFA1192E1E5E1C2000D03CF2 /* Build configuration list for PBXProject "spatial" */;
			compatibilityVersion = "Xcode 3.2";
			developmentRegion = English;
			hasScannedForEncodings = 0;
			knownRegions = (
				en,
				Base,
			);
			mainGroup = BFA1192A1E5E1C2000D03CF2;
			productRefGroup = BFA119341E5E1C2000D03CF2 /* Products */;
			projectDirPath = "";
			projectRoot = "";
			targets = (
				BFA119321E5E1C2000D03CF2 /* spatial */,
			);
		};
/* End PBXProject section */

/* Begin PBXResourcesBuildPhase section */
		BFA119311E5E1C2000D03CF2 /* Resources */ = {
			isa = PBXResourcesBuildPhase;
			buildActionMask = 2147483647;
			files = (
				BF5483E71E600367001348C9 /* icon-57@2x.png in Resources */,
				BF5483E81E600367001348C9 /* icon-60@2x.png in Resources */,
				BF5483E31E600367001348C9 /* icon-40@3x.png in Resources */,
				BF5483DF1E600367001348C9 /* icon-29@2x.png in Resources */,
				BF5483DE1E600367001348C9 /* icon-29@2x-ipad.png in Resources */,
				BF5483EA1E600367001348C9 /* icon-72.png in Resources */,
				BF5483D71E600367001348C9 /* Contents.json in Resources */,
				BF5483EB1E600367001348C9 /* icon-72@2x.png in Resources */,
				BF5483E61E600367001348C9 /* icon-57.png in Resources */,
				BF5483DB1E600367001348C9 /* icon-20@3x.png in Resources */,
				BFA119391E5E1C2000D03CF2 /* art.scnassets in Resources */,
				BF5483E21E600367001348C9 /* icon-40@2x.png in Resources */,
				BF5483E91E600367001348C9 /* icon-60@3x.png in Resources */,
				BFF7356E1E63645A00DFE7D9 /* InfoPlist.strings in Resources */,
				BF5483E51E600367001348C9 /* icon-50@2x.png in Resources */,
				BF5483D81E600367001348C9 /* icon-20-ipad.png in Resources */,
				BF5483DA1E600367001348C9 /* icon-20@2x.png in Resources */,
				BFA119431E5E1C2000D03CF2 /* LaunchScreen.storyboard in Resources */,
				BF5483E11E600367001348C9 /* icon-40.png in Resources */,
				BF5483ED1E600367001348C9 /* icon-76@2x.png in Resources */,
				BF5483E41E600367001348C9 /* icon-50.png in Resources */,
				BFA119401E5E1C2000D03CF2 /* Assets.xcassets in Resources */,
				BF5483E01E600367001348C9 /* icon-29@3x.png in Resources */,
				BF5483DD1E600367001348C9 /* icon-29.png in Resources */,
				BF5483DC1E600367001348C9 /* icon-29-ipad.png in Resources */,
				BFF735741E6365D400DFE7D9 /* Localizable.strings in Resources */,
				BFA1193E1E5E1C2000D03CF2 /* Main.storyboard in Resources */,
				BF5483EE1E600367001348C9 /* icon-83.5@2x.png in Resources */,
				BF5483D91E600367001348C9 /* icon-20@2x-ipad.png in Resources */,
				BF5483EC1E600367001348C9 /* icon-76.png in Resources */,
			);
			runOnlyForDeploymentPostprocessing = 0;
		};
/* End PBXResourcesBuildPhase section */

/* Begin PBXShellScriptBuildPhase section */
		595C9792A216C2EA513D00B0 /* [CP] Embed Pods Frameworks */ = {
			isa = PBXShellScriptBuildPhase;
			buildActionMask = 2147483647;
			files = (
			);
			inputPaths = (
			);
			name = "[CP] Embed Pods Frameworks";
			outputPaths = (
			);
			runOnlyForDeploymentPostprocessing = 0;
			shellPath = /bin/sh;
			shellScript = "\"${SRCROOT}/Pods/Target Support Files/Pods-spatial/Pods-spatial-frameworks.sh\"\n";
			showEnvVarsInLog = 0;
		};
		BE5205E594EBD779C1FACA91 /* [CP] Check Pods Manifest.lock */ = {
			isa = PBXShellScriptBuildPhase;
			buildActionMask = 2147483647;
			files = (
			);
			inputPaths = (
			);
			name = "[CP] Check Pods Manifest.lock";
			outputPaths = (
			);
			runOnlyForDeploymentPostprocessing = 0;
			shellPath = /bin/sh;
			shellScript = "diff \"${PODS_ROOT}/../Podfile.lock\" \"${PODS_ROOT}/Manifest.lock\" > /dev/null\nif [ $? != 0 ] ; then\n    # print error to STDERR\n    echo \"error: The sandbox is not in sync with the Podfile.lock. Run 'pod install' or update your CocoaPods installation.\" >&2\n    exit 1\nfi\n";
			showEnvVarsInLog = 0;
		};
		D27D51E04AFD7943FE74A9EC /* [CP] Copy Pods Resources */ = {
			isa = PBXShellScriptBuildPhase;
			buildActionMask = 2147483647;
			files = (
			);
			inputPaths = (
			);
			name = "[CP] Copy Pods Resources";
			outputPaths = (
			);
			runOnlyForDeploymentPostprocessing = 0;
			shellPath = /bin/sh;
			shellScript = "\"${SRCROOT}/Pods/Target Support Files/Pods-spatial/Pods-spatial-resources.sh\"\n";
			showEnvVarsInLog = 0;
		};
/* End PBXShellScriptBuildPhase section */

/* Begin PBXSourcesBuildPhase section */
		BFA1192F1E5E1C2000D03CF2 /* Sources */ = {
			isa = PBXSourcesBuildPhase;
			buildActionMask = 2147483647;
			files = (
				BF041AEE1E5F8F33006859C9 /* Constants.swift in Sources */,
				BFB482CC1E67B3B9002720F2 /* SnakeCubeController.swift in Sources */,
				BFF7357A1E639B4500DFE7D9 /* MainController.swift in Sources */,
				BF041AEC1E5F8E58006859C9 /* QuestionAndButtonsView.swift in Sources */,
				BF041AF01E5F949C006859C9 /* Extentions.swift in Sources */,
				BFA1193B1E5E1C2000D03CF2 /* GameViewController.swift in Sources */,
				BFA1194B1E5E3FAA00D03CF2 /* DiceView.swift in Sources */,
				BFA119371E5E1C2000D03CF2 /* AppDelegate.swift in Sources */,
				BF42E1AB1E689F2700A4BB97 /* SpatialBaseController.swift in Sources */,
			);
			runOnlyForDeploymentPostprocessing = 0;
		};
/* End PBXSourcesBuildPhase section */

/* Begin PBXVariantGroup section */
		BFA1193C1E5E1C2000D03CF2 /* Main.storyboard */ = {
			isa = PBXVariantGroup;
			children = (
				BFA1193D1E5E1C2000D03CF2 /* Base */,
				BFF7356A1E63630900DFE7D9 /* zh-Hans */,
			);
			name = Main.storyboard;
			sourceTree = "<group>";
		};
		BFA119411E5E1C2000D03CF2 /* LaunchScreen.storyboard */ = {
			isa = PBXVariantGroup;
			children = (
				BFA119421E5E1C2000D03CF2 /* Base */,
				BFF7356B1E63630900DFE7D9 /* zh-Hans */,
			);
			name = LaunchScreen.storyboard;
			sourceTree = "<group>";
		};
		BFF735701E63645A00DFE7D9 /* InfoPlist.strings */ = {
			isa = PBXVariantGroup;
			children = (
				BFF7356F1E63645A00DFE7D9 /* zh-Hans */,
				BFF735711E6364AF00DFE7D9 /* en */,
			);
			name = InfoPlist.strings;
			sourceTree = "<group>";
		};
		BFF735761E6365D400DFE7D9 /* Localizable.strings */ = {
			isa = PBXVariantGroup;
			children = (
				BFF735751E6365D400DFE7D9 /* zh-Hans */,
				BFF735771E6365DC00DFE7D9 /* en */,
				BFF735781E6365DF00DFE7D9 /* Base */,
			);
			name = Localizable.strings;
			sourceTree = "<group>";
		};
/* End PBXVariantGroup section */

/* Begin XCBuildConfiguration section */
		BFA119451E5E1C2000D03CF2 /* Debug */ = {
			isa = XCBuildConfiguration;
			buildSettings = {
				ALWAYS_SEARCH_USER_PATHS = NO;
				CLANG_ANALYZER_LOCALIZABILITY_NONLOCALIZED = YES;
				CLANG_ANALYZER_NONNULL = YES;
				CLANG_CXX_LANGUAGE_STANDARD = "gnu++0x";
				CLANG_CXX_LIBRARY = "libc++";
				CLANG_ENABLE_MODULES = YES;
				CLANG_ENABLE_OBJC_ARC = YES;
				CLANG_WARN_BOOL_CONVERSION = YES;
				CLANG_WARN_CONSTANT_CONVERSION = YES;
				CLANG_WARN_DIRECT_OBJC_ISA_USAGE = YES_ERROR;
				CLANG_WARN_DOCUMENTATION_COMMENTS = YES;
				CLANG_WARN_EMPTY_BODY = YES;
				CLANG_WARN_ENUM_CONVERSION = YES;
				CLANG_WARN_INFINITE_RECURSION = YES;
				CLANG_WARN_INT_CONVERSION = YES;
				CLANG_WARN_OBJC_ROOT_CLASS = YES_ERROR;
				CLANG_WARN_SUSPICIOUS_MOVE = YES;
				CLANG_WARN_UNREACHABLE_CODE = YES;
				CLANG_WARN__DUPLICATE_METHOD_MATCH = YES;
				"CODE_SIGN_IDENTITY[sdk=iphoneos*]" = "iPhone Developer";
				COPY_PHASE_STRIP = NO;
				DEBUG_INFORMATION_FORMAT = dwarf;
				ENABLE_STRICT_OBJC_MSGSEND = YES;
				ENABLE_TESTABILITY = YES;
				GCC_C_LANGUAGE_STANDARD = gnu99;
				GCC_DYNAMIC_NO_PIC = NO;
				GCC_NO_COMMON_BLOCKS = YES;
				GCC_OPTIMIZATION_LEVEL = 0;
				GCC_PREPROCESSOR_DEFINITIONS = (
					"DEBUG=1",
					"$(inherited)",
				);
				GCC_WARN_64_TO_32_BIT_CONVERSION = YES;
				GCC_WARN_ABOUT_RETURN_TYPE = YES_ERROR;
				GCC_WARN_UNDECLARED_SELECTOR = YES;
				GCC_WARN_UNINITIALIZED_AUTOS = YES_AGGRESSIVE;
				GCC_WARN_UNUSED_FUNCTION = YES;
				GCC_WARN_UNUSED_VARIABLE = YES;
				IPHONEOS_DEPLOYMENT_TARGET = 10.2;
				MTL_ENABLE_DEBUG_INFO = YES;
				ONLY_ACTIVE_ARCH = YES;
				SDKROOT = iphoneos;
				SWIFT_ACTIVE_COMPILATION_CONDITIONS = DEBUG;
				SWIFT_OPTIMIZATION_LEVEL = "-Onone";
				TARGETED_DEVICE_FAMILY = "1,2";
			};
			name = Debug;
		};
		BFA119461E5E1C2000D03CF2 /* Release */ = {
			isa = XCBuildConfiguration;
			buildSettings = {
				ALWAYS_SEARCH_USER_PATHS = NO;
				CLANG_ANALYZER_LOCALIZABILITY_NONLOCALIZED = YES;
				CLANG_ANALYZER_NONNULL = YES;
				CLANG_CXX_LANGUAGE_STANDARD = "gnu++0x";
				CLANG_CXX_LIBRARY = "libc++";
				CLANG_ENABLE_MODULES = YES;
				CLANG_ENABLE_OBJC_ARC = YES;
				CLANG_WARN_BOOL_CONVERSION = YES;
				CLANG_WARN_CONSTANT_CONVERSION = YES;
				CLANG_WARN_DIRECT_OBJC_ISA_USAGE = YES_ERROR;
				CLANG_WARN_DOCUMENTATION_COMMENTS = YES;
				CLANG_WARN_EMPTY_BODY = YES;
				CLANG_WARN_ENUM_CONVERSION = YES;
				CLANG_WARN_INFINITE_RECURSION = YES;
				CLANG_WARN_INT_CONVERSION = YES;
				CLANG_WARN_OBJC_ROOT_CLASS = YES_ERROR;
				CLANG_WARN_SUSPICIOUS_MOVE = YES;
				CLANG_WARN_UNREACHABLE_CODE = YES;
				CLANG_WARN__DUPLICATE_METHOD_MATCH = YES;
				"CODE_SIGN_IDENTITY[sdk=iphoneos*]" = "iPhone Developer";
				COPY_PHASE_STRIP = NO;
				DEBUG_INFORMATION_FORMAT = "dwarf-with-dsym";
				ENABLE_NS_ASSERTIONS = NO;
				ENABLE_STRICT_OBJC_MSGSEND = YES;
				GCC_C_LANGUAGE_STANDARD = gnu99;
				GCC_NO_COMMON_BLOCKS = YES;
				GCC_WARN_64_TO_32_BIT_CONVERSION = YES;
				GCC_WARN_ABOUT_RETURN_TYPE = YES_ERROR;
				GCC_WARN_UNDECLARED_SELECTOR = YES;
				GCC_WARN_UNINITIALIZED_AUTOS = YES_AGGRESSIVE;
				GCC_WARN_UNUSED_FUNCTION = YES;
				GCC_WARN_UNUSED_VARIABLE = YES;
				IPHONEOS_DEPLOYMENT_TARGET = 10.2;
				MTL_ENABLE_DEBUG_INFO = NO;
				SDKROOT = iphoneos;
				SWIFT_OPTIMIZATION_LEVEL = "-Owholemodule";
				TARGETED_DEVICE_FAMILY = "1,2";
				VALIDATE_PRODUCT = YES;
			};
			name = Release;
		};
		BFA119481E5E1C2000D03CF2 /* Debug */ = {
			isa = XCBuildConfiguration;
			baseConfigurationReference = B1A4DB7239AE68BF322C169D /* Pods-spatial.debug.xcconfig */;
			buildSettings = {
				ASSETCATALOG_COMPILER_APPICON_NAME = AppIcon;
				CODE_SIGN_IDENTITY = "iPhone Developer";
				DEVELOPMENT_TEAM = HZ32KGWJ68;
				INFOPLIST_FILE = spatial/Info.plist;
				IPHONEOS_DEPLOYMENT_TARGET = 10.0;
				LD_RUNPATH_SEARCH_PATHS = "$(inherited) @executable_path/Frameworks";
				PRODUCT_BUNDLE_IDENTIFIER = com.zackzhu.spatial3D;
				PRODUCT_NAME = "$(TARGET_NAME)";
				PROVISIONING_PROFILE = "";
				SWIFT_VERSION = 3.0;
				TARGETED_DEVICE_FAMILY = "1,2";
			};
			name = Debug;
		};
		BFA119491E5E1C2000D03CF2 /* Release */ = {
			isa = XCBuildConfiguration;
			baseConfigurationReference = EB4878770A56683CAF79E6E9 /* Pods-spatial.release.xcconfig */;
			buildSettings = {
				ASSETCATALOG_COMPILER_APPICON_NAME = AppIcon;
				DEVELOPMENT_TEAM = HZ32KGWJ68;
				INFOPLIST_FILE = spatial/Info.plist;
				IPHONEOS_DEPLOYMENT_TARGET = 10.0;
				LD_RUNPATH_SEARCH_PATHS = "$(inherited) @executable_path/Frameworks";
				PRODUCT_BUNDLE_IDENTIFIER = com.zackzhu.spatial3D;
				PRODUCT_NAME = "$(TARGET_NAME)";
				PROVISIONING_PROFILE = "";
				SWIFT_VERSION = 3.0;
				TARGETED_DEVICE_FAMILY = "1,2";
			};
			name = Release;
		};
/* End XCBuildConfiguration section */

/* Begin XCConfigurationList section */
		BFA1192E1E5E1C2000D03CF2 /* Build configuration list for PBXProject "spatial" */ = {
			isa = XCConfigurationList;
			buildConfigurations = (
				BFA119451E5E1C2000D03CF2 /* Debug */,
				BFA119461E5E1C2000D03CF2 /* Release */,
			);
			defaultConfigurationIsVisible = 0;
			defaultConfigurationName = Release;
		};
		BFA119471E5E1C2000D03CF2 /* Build configuration list for PBXNativeTarget "spatial" */ = {
			isa = XCConfigurationList;
			buildConfigurations = (
				BFA119481E5E1C2000D03CF2 /* Debug */,
				BFA119491E5E1C2000D03CF2 /* Release */,
			);
			defaultConfigurationIsVisible = 0;
			defaultConfigurationName = Release;
		};
/* End XCConfigurationList section */
	};
	rootObject = BFA1192B1E5E1C2000D03CF2 /* Project object */;
}
